
Microsoft Visual Studio Solution File, Format Version 12.00
# Visual Studio Version 17
VisualStudioVersion = 17.9.34607.119
MinimumVisualStudioVersion = 10.0.40219.1
Project("{2150E333-8FDC-42A3-9474-1A3956D46DE8}") = "hoofdstuk2", "hoofdstuk2", "{61DE2868-F3F2-432A-B569-FB4187DB4D44}"
EndProject
Project("{9A19103F-16F7-4668-BE54-9A1E7A4F7556}") = "First Hello", "hoofdstuk2\First Hello\First Hello.csproj", "{C78B0154-C9E4-4F33-B69C-3933AF70C72D}"
EndProject
Project("{9A19103F-16F7-4668-BE54-9A1E7A4F7556}") = "Hello Button", "hoofdstuk2\Hello Button\Hello Button.csproj", "{1277E464-F664-485D-B140-A513B1A0925A}"
EndProject
Project("{9A19103F-16F7-4668-BE54-9A1E7A4F7556}") = "TestVraag2_1", "hoofdstuk2\TestVraag2_1\TestVraag2_1.csproj", "{9304B308-72B2-43BC-961A-CD83EE5D31A3}"
EndProject
Project("{9A19103F-16F7-4668-BE54-9A1E7A4F7556}") = "TestVraag2_2", "hoofdstuk2\TestVraag2_2\TestVraag2_2.csproj", "{7DC7BA59-CF56-4A5D-A9B5-6D5846570135}"
EndProject
Project("{9A19103F-16F7-4668-BE54-9A1E7A4F7556}") = "TestVraag2_3", "hoofdstuk2\TestVraag2_3\TestVraag2_3.csproj", "{19D126E7-D6EC-427A-93AC-EB36324A897E}"
EndProject
Project("{9A19103F-16F7-4668-BE54-9A1E7A4F7556}") = "TestVraag2_5", "hoofdstuk2\TestVraag2_5\TestVraag2_5.csproj", "{0BF84F34-06C4-4A9A-8286-51A7D4679543}"
EndProject
Project("{2150E333-8FDC-42A3-9474-1A3956D46DE8}") = "hoofdstuk3", "hoofdstuk3", "{AD49B16E-57C1-42EA-909F-CEF9C848E185}"
EndProject
Project("{9A19103F-16F7-4668-BE54-9A1E7A4F7556}") = "First Drawing", "hoofdstuk3\First Drawing\First Drawing.csproj", "{25185ECB-2417-4E94-AAD5-CA825BA44CD7}"
EndProject
Project("{9A19103F-16F7-4668-BE54-9A1E7A4F7556}") = "Some Shapes", "hoofdstuk3\Some Shapes\Some Shapes.csproj", "{AA693A32-B9B9-4659-9774-2B5202F851CC}"
EndProject
Project("{9A19103F-16F7-4668-BE54-9A1E7A4F7556}") = "Some Shapes XAML", "hoofdstuk3\Some Shapes XAML\Some Shapes XAML.csproj", "{14D59E2D-8A1A-4264-BF67-FE3DF519C126}"
EndProject
Project("{9A19103F-16F7-4668-BE54-9A1E7A4F7556}") = "TestVraag3_1", "hoofdstuk3\TestVraag3_1\TestVraag3_1.csproj", "{8CC05084-8618-4753-912C-8A7010441AC5}"
EndProject
Project("{9A19103F-16F7-4668-BE54-9A1E7A4F7556}") = "TestVraag3_4", "hoofdstuk3\TestVraag3_4\TestVraag3_4.csproj", "{BC45A5E5-4AFE-4223-9872-FFD7CA309EAB}"
EndProject
Project("{9A19103F-16F7-4668-BE54-9A1E7A4F7556}") = "TestVraag3_5", "hoofdstuk3\TestVraag3_5\TestVraag3_5.csproj", "{26967A50-80D7-486D-B627-06B4A9000CFE}"
EndProject
Project("{9A19103F-16F7-4668-BE54-9A1E7A4F7556}") = "Triangle", "hoofdstuk3\Triangle\Triangle.csproj", "{50E024C2-74A1-4A34-BBCD-95E9D1300B5E}"
EndProject
Project("{2150E333-8FDC-42A3-9474-1A3956D46DE8}") = "mjfdassen", "mjfdassen", "{E44C3C08-4FC0-4379-8B3E-73023652D3F2}"
EndProject
Project("{9A19103F-16F7-4668-BE54-9A1E7A4F7556}") = "guitests", "guitests\guitests.csproj", "{C76466B9-8A87-41B0-B3BA-66721673B378}"
EndProject
Project("{2150E333-8FDC-42A3-9474-1A3956D46DE8}") = "hoofdstuk5", "hoofdstuk5", "{01825950-978A-4E11-9AC0-DC78363DE9D3}"
EndProject
Project("{2150E333-8FDC-42A3-9474-1A3956D46DE8}") = "hoofdstuk6", "hoofdstuk6", "{A823A46F-08C1-4244-BE01-85DECB7D2969}"
EndProject
Project("{9A19103F-16F7-4668-BE54-9A1E7A4F7556}") = "Area Rectangle", "hoofdstuk5\Area Rectangle\Area Rectangle.csproj", "{995AA9D2-8BE2-4B56-95AE-652629FE168F}"
EndProject
Project("{9A19103F-16F7-4668-BE54-9A1E7A4F7556}") = "EurosAndCents", "hoofdstuk5\EurosAndCents\EurosAndCents.csproj", "{D7FE8C12-F10D-493E-8B4D-E3442704F8DA}"
EndProject
Project("{9A19103F-16F7-4668-BE54-9A1E7A4F7556}") = "House Demo", "hoofdstuk5\House Demo\House Demo.csproj", "{269A8E09-1288-490D-86E3-69A85C322FF5}"
EndProject
Project("{9A19103F-16F7-4668-BE54-9A1E7A4F7556}") = "LogoMethod", "hoofdstuk5\LogoMethod\LogoMethod.csproj", "{D64BBFA0-9112-4333-9255-C3D6BDEDC3D8}"
EndProject
Project("{9A19103F-16F7-4668-BE54-9A1E7A4F7556}") = "Rectangle Method", "hoofdstuk5\Rectangle Method\Rectangle Method.csproj", "{ECBAF90C-3919-4203-9582-57BDDAA6F4E6}"
EndProject
Project("{9A19103F-16F7-4668-BE54-9A1E7A4F7556}") = "Rectangle Size", "hoofdstuk5\Rectangle Size\Rectangle Size.csproj", "{7B2CBF62-B1DE-4296-B703-49E24EBE1AD0}"
EndProject
Project("{9A19103F-16F7-4668-BE54-9A1E7A4F7556}") = "SomEnVerschil", "hoofdstuk5\SomEnVerschil\SomEnVerschil.csproj", "{A152E3A4-1A1D-424E-808F-35C5493CFC0B}"
EndProject
Project("{9A19103F-16F7-4668-BE54-9A1E7A4F7556}") = "Swap", "hoofdstuk5\Swap\Swap.csproj", "{2C9E6C9B-9F0F-4D9A-893D-342525238150}"
EndProject
Project("{9A19103F-16F7-4668-BE54-9A1E7A4F7556}") = "Triangle Method", "hoofdstuk5\Triangle Method\Triangle Method.csproj", "{DA034A62-03E6-4F4C-86CC-C9C74161FF95}"
EndProject
Project("{9A19103F-16F7-4668-BE54-9A1E7A4F7556}") = "Car Park 1", "hoofdstuk6\Car Park 1\Car Park 1.csproj", "{09283C38-83EC-4DE7-B2AD-6AC7B63B14D1}"
EndProject
Project("{9A19103F-16F7-4668-BE54-9A1E7A4F7556}") = "Car Park 2", "hoofdstuk6\Car Park 2\Car Park 2.csproj", "{EF121433-2112-4FC8-B8F1-C0D6AE44BF89}"
EndProject
Project("{9A19103F-16F7-4668-BE54-9A1E7A4F7556}") = "Guesser", "hoofdstuk6\Guesser\Guesser.csproj", "{865D90B3-DC33-4304-A105-374C59C17AF1}"
EndProject
Project("{9A19103F-16F7-4668-BE54-9A1E7A4F7556}") = "Oval Shape", "hoofdstuk6\Oval Shape\Oval Shape.csproj", "{28CA6AB7-7DF8-4821-94DF-E3A24769FC4B}"
EndProject
Project("{9A19103F-16F7-4668-BE54-9A1E7A4F7556}") = "Raindrops", "hoofdstuk6\Raindrops\Raindrops.csproj", "{43003FC3-E3DF-4998-954D-1BC15863B185}"
EndProject
Project("{FAE04EC0-301F-11D3-BF4B-00C04F79EFBC}") = "Opgave2_6", "Opgave2_6\Opgave2_6.csproj", "{047BAAD6-C078-4F00-89F6-3938C89498DE}"
EndProject
Global
	GlobalSection(SolutionConfigurationPlatforms) = preSolution
		Debug|Any CPU = Debug|Any CPU
		Release|Any CPU = Release|Any CPU
	EndGlobalSection
	GlobalSection(ProjectConfigurationPlatforms) = postSolution
		{C78B0154-C9E4-4F33-B69C-3933AF70C72D}.Debug|Any CPU.ActiveCfg = Debug|Any CPU
		{C78B0154-C9E4-4F33-B69C-3933AF70C72D}.Debug|Any CPU.Build.0 = Debug|Any CPU
		{C78B0154-C9E4-4F33-B69C-3933AF70C72D}.Release|Any CPU.ActiveCfg = Release|Any CPU
		{C78B0154-C9E4-4F33-B69C-3933AF70C72D}.Release|Any CPU.Build.0 = Release|Any CPU
		{1277E464-F664-485D-B140-A513B1A0925A}.Debug|Any CPU.ActiveCfg = Debug|Any CPU
		{1277E464-F664-485D-B140-A513B1A0925A}.Debug|Any CPU.Build.0 = Debug|Any CPU
		{1277E464-F664-485D-B140-A513B1A0925A}.Release|Any CPU.ActiveCfg = Release|Any CPU
		{1277E464-F664-485D-B140-A513B1A0925A}.Release|Any CPU.Build.0 = Release|Any CPU
		{9304B308-72B2-43BC-961A-CD83EE5D31A3}.Debug|Any CPU.ActiveCfg = Debug|Any CPU
		{9304B308-72B2-43BC-961A-CD83EE5D31A3}.Debug|Any CPU.Build.0 = Debug|Any CPU
		{9304B308-72B2-43BC-961A-CD83EE5D31A3}.Release|Any CPU.ActiveCfg = Release|Any CPU
		{9304B308-72B2-43BC-961A-CD83EE5D31A3}.Release|Any CPU.Build.0 = Release|Any CPU
		{7DC7BA59-CF56-4A5D-A9B5-6D5846570135}.Debug|Any CPU.ActiveCfg = Debug|Any CPU
		{7DC7BA59-CF56-4A5D-A9B5-6D5846570135}.Debug|Any CPU.Build.0 = Debug|Any CPU
		{7DC7BA59-CF56-4A5D-A9B5-6D5846570135}.Release|Any CPU.ActiveCfg = Release|Any CPU
		{7DC7BA59-CF56-4A5D-A9B5-6D5846570135}.Release|Any CPU.Build.0 = Release|Any CPU
		{19D126E7-D6EC-427A-93AC-EB36324A897E}.Debug|Any CPU.ActiveCfg = Debug|Any CPU
		{19D126E7-D6EC-427A-93AC-EB36324A897E}.Debug|Any CPU.Build.0 = Debug|Any CPU
		{19D126E7-D6EC-427A-93AC-EB36324A897E}.Release|Any CPU.ActiveCfg = Release|Any CPU
		{19D126E7-D6EC-427A-93AC-EB36324A897E}.Release|Any CPU.Build.0 = Release|Any CPU
		{0BF84F34-06C4-4A9A-8286-51A7D4679543}.Debug|Any CPU.ActiveCfg = Debug|Any CPU
		{0BF84F34-06C4-4A9A-8286-51A7D4679543}.Debug|Any CPU.Build.0 = Debug|Any CPU
		{0BF84F34-06C4-4A9A-8286-51A7D4679543}.Release|Any CPU.ActiveCfg = Release|Any CPU
		{0BF84F34-06C4-4A9A-8286-51A7D4679543}.Release|Any CPU.Build.0 = Release|Any CPU
		{25185ECB-2417-4E94-AAD5-CA825BA44CD7}.Debug|Any CPU.ActiveCfg = Debug|Any CPU
		{25185ECB-2417-4E94-AAD5-CA825BA44CD7}.Debug|Any CPU.Build.0 = Debug|Any CPU
		{25185ECB-2417-4E94-AAD5-CA825BA44CD7}.Release|Any CPU.ActiveCfg = Release|Any CPU
		{25185ECB-2417-4E94-AAD5-CA825BA44CD7}.Release|Any CPU.Build.0 = Release|Any CPU
		{AA693A32-B9B9-4659-9774-2B5202F851CC}.Debug|Any CPU.ActiveCfg = Debug|Any CPU
		{AA693A32-B9B9-4659-9774-2B5202F851CC}.Debug|Any CPU.Build.0 = Debug|Any CPU
		{AA693A32-B9B9-4659-9774-2B5202F851CC}.Release|Any CPU.ActiveCfg = Release|Any CPU
		{AA693A32-B9B9-4659-9774-2B5202F851CC}.Release|Any CPU.Build.0 = Release|Any CPU
		{14D59E2D-8A1A-4264-BF67-FE3DF519C126}.Debug|Any CPU.ActiveCfg = Debug|Any CPU
		{14D59E2D-8A1A-4264-BF67-FE3DF519C126}.Debug|Any CPU.Build.0 = Debug|Any CPU
		{14D59E2D-8A1A-4264-BF67-FE3DF519C126}.Release|Any CPU.ActiveCfg = Release|Any CPU
		{14D59E2D-8A1A-4264-BF67-FE3DF519C126}.Release|Any CPU.Build.0 = Release|Any CPU
		{8CC05084-8618-4753-912C-8A7010441AC5}.Debug|Any CPU.ActiveCfg = Debug|Any CPU
		{8CC05084-8618-4753-912C-8A7010441AC5}.Debug|Any CPU.Build.0 = Debug|Any CPU
		{8CC05084-8618-4753-912C-8A7010441AC5}.Release|Any CPU.ActiveCfg = Release|Any CPU
		{8CC05084-8618-4753-912C-8A7010441AC5}.Release|Any CPU.Build.0 = Release|Any CPU
		{BC45A5E5-4AFE-4223-9872-FFD7CA309EAB}.Debug|Any CPU.ActiveCfg = Debug|Any CPU
		{BC45A5E5-4AFE-4223-9872-FFD7CA309EAB}.Debug|Any CPU.Build.0 = Debug|Any CPU
		{BC45A5E5-4AFE-4223-9872-FFD7CA309EAB}.Release|Any CPU.ActiveCfg = Release|Any CPU
		{BC45A5E5-4AFE-4223-9872-FFD7CA309EAB}.Release|Any CPU.Build.0 = Release|Any CPU
		{26967A50-80D7-486D-B627-06B4A9000CFE}.Debug|Any CPU.ActiveCfg = Debug|Any CPU
		{26967A50-80D7-486D-B627-06B4A9000CFE}.Debug|Any CPU.Build.0 = Debug|Any CPU
		{26967A50-80D7-486D-B627-06B4A9000CFE}.Release|Any CPU.ActiveCfg = Release|Any CPU
		{26967A50-80D7-486D-B627-06B4A9000CFE}.Release|Any CPU.Build.0 = Release|Any CPU
		{50E024C2-74A1-4A34-BBCD-95E9D1300B5E}.Debug|Any CPU.ActiveCfg = Debug|Any CPU
		{50E024C2-74A1-4A34-BBCD-95E9D1300B5E}.Debug|Any CPU.Build.0 = Debug|Any CPU
		{50E024C2-74A1-4A34-BBCD-95E9D1300B5E}.Release|Any CPU.ActiveCfg = Release|Any CPU
		{50E024C2-74A1-4A34-BBCD-95E9D1300B5E}.Release|Any CPU.Build.0 = Release|Any CPU
		{C76466B9-8A87-41B0-B3BA-66721673B378}.Debug|Any CPU.ActiveCfg = Debug|Any CPU
		{C76466B9-8A87-41B0-B3BA-66721673B378}.Debug|Any CPU.Build.0 = Debug|Any CPU
		{C76466B9-8A87-41B0-B3BA-66721673B378}.Release|Any CPU.ActiveCfg = Release|Any CPU
		{C76466B9-8A87-41B0-B3BA-66721673B378}.Release|Any CPU.Build.0 = Release|Any CPU
		{995AA9D2-8BE2-4B56-95AE-652629FE168F}.Debug|Any CPU.ActiveCfg = Debug|Any CPU
		{995AA9D2-8BE2-4B56-95AE-652629FE168F}.Debug|Any CPU.Build.0 = Debug|Any CPU
		{995AA9D2-8BE2-4B56-95AE-652629FE168F}.Release|Any CPU.ActiveCfg = Release|Any CPU
		{995AA9D2-8BE2-4B56-95AE-652629FE168F}.Release|Any CPU.Build.0 = Release|Any CPU
		{D7FE8C12-F10D-493E-8B4D-E3442704F8DA}.Debug|Any CPU.ActiveCfg = Debug|Any CPU
		{D7FE8C12-F10D-493E-8B4D-E3442704F8DA}.Debug|Any CPU.Build.0 = Debug|Any CPU
		{D7FE8C12-F10D-493E-8B4D-E3442704F8DA}.Release|Any CPU.ActiveCfg = Release|Any CPU
		{D7FE8C12-F10D-493E-8B4D-E3442704F8DA}.Release|Any CPU.Build.0 = Release|Any CPU
		{269A8E09-1288-490D-86E3-69A85C322FF5}.Debug|Any CPU.ActiveCfg = Debug|Any CPU
		{269A8E09-1288-490D-86E3-69A85C322FF5}.Debug|Any CPU.Build.0 = Debug|Any CPU
		{269A8E09-1288-490D-86E3-69A85C322FF5}.Release|Any CPU.ActiveCfg = Release|Any CPU
		{269A8E09-1288-490D-86E3-69A85C322FF5}.Release|Any CPU.Build.0 = Release|Any CPU
		{D64BBFA0-9112-4333-9255-C3D6BDEDC3D8}.Debug|Any CPU.ActiveCfg = Debug|Any CPU
		{D64BBFA0-9112-4333-9255-C3D6BDEDC3D8}.Debug|Any CPU.Build.0 = Debug|Any CPU
		{D64BBFA0-9112-4333-9255-C3D6BDEDC3D8}.Release|Any CPU.ActiveCfg = Release|Any CPU
		{D64BBFA0-9112-4333-9255-C3D6BDEDC3D8}.Release|Any CPU.Build.0 = Release|Any CPU
		{ECBAF90C-3919-4203-9582-57BDDAA6F4E6}.Debug|Any CPU.ActiveCfg = Debug|Any CPU
		{ECBAF90C-3919-4203-9582-57BDDAA6F4E6}.Debug|Any CPU.Build.0 = Debug|Any CPU
		{ECBAF90C-3919-4203-9582-57BDDAA6F4E6}.Release|Any CPU.ActiveCfg = Release|Any CPU
		{ECBAF90C-3919-4203-9582-57BDDAA6F4E6}.Release|Any CPU.Build.0 = Release|Any CPU
		{7B2CBF62-B1DE-4296-B703-49E24EBE1AD0}.Debug|Any CPU.ActiveCfg = Debug|Any CPU
		{7B2CBF62-B1DE-4296-B703-49E24EBE1AD0}.Debug|Any CPU.Build.0 = Debug|Any CPU
		{7B2CBF62-B1DE-4296-B703-49E24EBE1AD0}.Release|Any CPU.ActiveCfg = Release|Any CPU
		{7B2CBF62-B1DE-4296-B703-49E24EBE1AD0}.Release|Any CPU.Build.0 = Release|Any CPU
		{A152E3A4-1A1D-424E-808F-35C5493CFC0B}.Debug|Any CPU.ActiveCfg = Debug|Any CPU
		{A152E3A4-1A1D-424E-808F-35C5493CFC0B}.Debug|Any CPU.Build.0 = Debug|Any CPU
		{A152E3A4-1A1D-424E-808F-35C5493CFC0B}.Release|Any CPU.ActiveCfg = Release|Any CPU
		{A152E3A4-1A1D-424E-808F-35C5493CFC0B}.Release|Any CPU.Build.0 = Release|Any CPU
		{2C9E6C9B-9F0F-4D9A-893D-342525238150}.Debug|Any CPU.ActiveCfg = Debug|Any CPU
		{2C9E6C9B-9F0F-4D9A-893D-342525238150}.Debug|Any CPU.Build.0 = Debug|Any CPU
		{2C9E6C9B-9F0F-4D9A-893D-342525238150}.Release|Any CPU.ActiveCfg = Release|Any CPU
		{2C9E6C9B-9F0F-4D9A-893D-342525238150}.Release|Any CPU.Build.0 = Release|Any CPU
		{DA034A62-03E6-4F4C-86CC-C9C74161FF95}.Debug|Any CPU.ActiveCfg = Debug|Any CPU
		{DA034A62-03E6-4F4C-86CC-C9C74161FF95}.Debug|Any CPU.Build.0 = Debug|Any CPU
		{DA034A62-03E6-4F4C-86CC-C9C74161FF95}.Release|Any CPU.ActiveCfg = Release|Any CPU
		{DA034A62-03E6-4F4C-86CC-C9C74161FF95}.Release|Any CPU.Build.0 = Release|Any CPU
		{09283C38-83EC-4DE7-B2AD-6AC7B63B14D1}.Debug|Any CPU.ActiveCfg = Debug|Any CPU
		{09283C38-83EC-4DE7-B2AD-6AC7B63B14D1}.Debug|Any CPU.Build.0 = Debug|Any CPU
		{09283C38-83EC-4DE7-B2AD-6AC7B63B14D1}.Release|Any CPU.ActiveCfg = Release|Any CPU
		{09283C38-83EC-4DE7-B2AD-6AC7B63B14D1}.Release|Any CPU.Build.0 = Release|Any CPU
		{EF121433-2112-4FC8-B8F1-C0D6AE44BF89}.Debug|Any CPU.ActiveCfg = Debug|Any CPU
		{EF121433-2112-4FC8-B8F1-C0D6AE44BF89}.Debug|Any CPU.Build.0 = Debug|Any CPU
		{EF121433-2112-4FC8-B8F1-C0D6AE44BF89}.Release|Any CPU.ActiveCfg = Release|Any CPU
		{EF121433-2112-4FC8-B8F1-C0D6AE44BF89}.Release|Any CPU.Build.0 = Release|Any CPU
		{865D90B3-DC33-4304-A105-374C59C17AF1}.Debug|Any CPU.ActiveCfg = Debug|Any CPU
		{865D90B3-DC33-4304-A105-374C59C17AF1}.Debug|Any CPU.Build.0 = Debug|Any CPU
		{865D90B3-DC33-4304-A105-374C59C17AF1}.Release|Any CPU.ActiveCfg = Release|Any CPU
		{865D90B3-DC33-4304-A105-374C59C17AF1}.Release|Any CPU.Build.0 = Release|Any CPU
		{28CA6AB7-7DF8-4821-94DF-E3A24769FC4B}.Debug|Any CPU.ActiveCfg = Debug|Any CPU
		{28CA6AB7-7DF8-4821-94DF-E3A24769FC4B}.Debug|Any CPU.Build.0 = Debug|Any CPU
		{28CA6AB7-7DF8-4821-94DF-E3A24769FC4B}.Release|Any CPU.ActiveCfg = Release|Any CPU
		{28CA6AB7-7DF8-4821-94DF-E3A24769FC4B}.Release|Any CPU.Build.0 = Release|Any CPU
		{43003FC3-E3DF-4998-954D-1BC15863B185}.Debug|Any CPU.ActiveCfg = Debug|Any CPU
		{43003FC3-E3DF-4998-954D-1BC15863B185}.Debug|Any CPU.Build.0 = Debug|Any CPU
		{43003FC3-E3DF-4998-954D-1BC15863B185}.Release|Any CPU.ActiveCfg = Release|Any CPU
		{43003FC3-E3DF-4998-954D-1BC15863B185}.Release|Any CPU.Build.0 = Release|Any CPU
		{047BAAD6-C078-4F00-89F6-3938C89498DE}.Debug|Any CPU.ActiveCfg = Debug|Any CPU
		{047BAAD6-C078-4F00-89F6-3938C89498DE}.Debug|Any CPU.Build.0 = Debug|Any CPU
		{047BAAD6-C078-4F00-89F6-3938C89498DE}.Release|Any CPU.ActiveCfg = Release|Any CPU
		{047BAAD6-C078-4F00-89F6-3938C89498DE}.Release|Any CPU.Build.0 = Release|Any CPU
	EndGlobalSection
	GlobalSection(SolutionProperties) = preSolution
		HideSolutionNode = FALSE
	EndGlobalSection
	GlobalSection(NestedProjects) = preSolution
		{C78B0154-C9E4-4F33-B69C-3933AF70C72D} = {61DE2868-F3F2-432A-B569-FB4187DB4D44}
		{1277E464-F664-485D-B140-A513B1A0925A} = {61DE2868-F3F2-432A-B569-FB4187DB4D44}
		{9304B308-72B2-43BC-961A-CD83EE5D31A3} = {61DE2868-F3F2-432A-B569-FB4187DB4D44}
		{7DC7BA59-CF56-4A5D-A9B5-6D5846570135} = {61DE2868-F3F2-432A-B569-FB4187DB4D44}
		{19D126E7-D6EC-427A-93AC-EB36324A897E} = {61DE2868-F3F2-432A-B569-FB4187DB4D44}
		{0BF84F34-06C4-4A9A-8286-51A7D4679543} = {61DE2868-F3F2-432A-B569-FB4187DB4D44}
		{25185ECB-2417-4E94-AAD5-CA825BA44CD7} = {AD49B16E-57C1-42EA-909F-CEF9C848E185}
		{AA693A32-B9B9-4659-9774-2B5202F851CC} = {AD49B16E-57C1-42EA-909F-CEF9C848E185}
		{14D59E2D-8A1A-4264-BF67-FE3DF519C126} = {AD49B16E-57C1-42EA-909F-CEF9C848E185}
		{8CC05084-8618-4753-912C-8A7010441AC5} = {AD49B16E-57C1-42EA-909F-CEF9C848E185}
		{BC45A5E5-4AFE-4223-9872-FFD7CA309EAB} = {AD49B16E-57C1-42EA-909F-CEF9C848E185}
		{26967A50-80D7-486D-B627-06B4A9000CFE} = {AD49B16E-57C1-42EA-909F-CEF9C848E185}
		{50E024C2-74A1-4A34-BBCD-95E9D1300B5E} = {AD49B16E-57C1-42EA-909F-CEF9C848E185}
		{C76466B9-8A87-41B0-B3BA-66721673B378} = {E44C3C08-4FC0-4379-8B3E-73023652D3F2}
		{995AA9D2-8BE2-4B56-95AE-652629FE168F} = {01825950-978A-4E11-9AC0-DC78363DE9D3}
		{D7FE8C12-F10D-493E-8B4D-E3442704F8DA} = {01825950-978A-4E11-9AC0-DC78363DE9D3}
		{269A8E09-1288-490D-86E3-69A85C322FF5} = {01825950-978A-4E11-9AC0-DC78363DE9D3}
		{D64BBFA0-9112-4333-9255-C3D6BDEDC3D8} = {01825950-978A-4E11-9AC0-DC78363DE9D3}
		{ECBAF90C-3919-4203-9582-57BDDAA6F4E6} = {01825950-978A-4E11-9AC0-DC78363DE9D3}
		{7B2CBF62-B1DE-4296-B703-49E24EBE1AD0} = {01825950-978A-4E11-9AC0-DC78363DE9D3}
		{A152E3A4-1A1D-424E-808F-35C5493CFC0B} = {01825950-978A-4E11-9AC0-DC78363DE9D3}
		{2C9E6C9B-9F0F-4D9A-893D-342525238150} = {01825950-978A-4E11-9AC0-DC78363DE9D3}
		{DA034A62-03E6-4F4C-86CC-C9C74161FF95} = {01825950-978A-4E11-9AC0-DC78363DE9D3}
		{09283C38-83EC-4DE7-B2AD-6AC7B63B14D1} = {A823A46F-08C1-4244-BE01-85DECB7D2969}
		{EF121433-2112-4FC8-B8F1-C0D6AE44BF89} = {A823A46F-08C1-4244-BE01-85DECB7D2969}
		{865D90B3-DC33-4304-A105-374C59C17AF1} = {A823A46F-08C1-4244-BE01-85DECB7D2969}
		{28CA6AB7-7DF8-4821-94DF-E3A24769FC4B} = {A823A46F-08C1-4244-BE01-85DECB7D2969}
		{43003FC3-E3DF-4998-954D-1BC15863B185} = {A823A46F-08C1-4244-BE01-85DECB7D2969}
		{047BAAD6-C078-4F00-89F6-3938C89498DE} = {61DE2868-F3F2-432A-B569-FB4187DB4D44}
	EndGlobalSection
	GlobalSection(ExtensibilityGlobals) = postSolution
		SolutionGuid = {1772F459-3BC5-49BC-8DDB-181ED5B286AD}
	EndGlobalSection
EndGlobal
